
Microsoft Visual Studio Solution File, Format Version 12.00
# Visual Studio Version 16
VisualStudioVersion = 16.0.31129.286
MinimumVisualStudioVersion = 10.0.40219.1
Project("{FAE04EC0-301F-11D3-BF4B-00C04F79EFBC}") = "ch16-sample-abstract", "ch16-sample-abstract\ch16-sample-abstract.csproj", "{37214C54-F639-4036-8303-167C25204115}"
EndProject
Global
	GlobalSection(SolutionConfigurationPlatforms) = preSolution
		Debug|Any CPU = Debug|Any CPU
		Release|Any CPU = Release|Any CPU
	EndGlobalSection
	GlobalSection(ProjectConfigurationPlatforms) = postSolution
		{37214C54-F639-4036-8303-167C25204115}.Debug|Any CPU.ActiveCfg = Debug|Any CPU
		{37214C54-F639-4036-8303-167C25204115}.Debug|Any CPU.Build.0 = Debug|Any CPU
		{37214C54-F639-4036-8303-167C25204115}.Release|Any CPU.ActiveCfg = Release|Any CPU
		{37214C54-F639-4036-8303-167C25204115}.Release|Any CPU.Build.0 = Release|Any CPU
	EndGlobalSection
	GlobalSection(SolutionProperties) = preSolution
		HideSolutionNode = FALSE
	EndGlobalSection
	GlobalSection(ExtensibilityGlobals) = postSolution
		SolutionGuid = {40619271-44CD-4F06-AF49-E99A4B403477}
	EndGlobalSection
EndGlobal
